
Microsoft Visual Studio Solution File, Format Version 12.00
# Visual Studio Version 17
VisualStudioVersion = 17.10.35122.118
MinimumVisualStudioVersion = 10.0.40219.1
Project("{FAE04EC0-301F-11D3-BF4B-00C04F79EFBC}") = "Assingment1", "Assingment1\Assingment1.csproj", "{C27C1AF0-5CD4-49AB-BFF8-CBFB746E038F}"
EndProject
Global
	GlobalSection(SolutionConfigurationPlatforms) = preSolution
		Debug|Any CPU = Debug|Any CPU
		Release|Any CPU = Release|Any CPU
	EndGlobalSection
	GlobalSection(ProjectConfigurationPlatforms) = postSolution
		{C27C1AF0-5CD4-49AB-BFF8-CBFB746E038F}.Debug|Any CPU.ActiveCfg = Debug|Any CPU
		{C27C1AF0-5CD4-49AB-BFF8-CBFB746E038F}.Debug|Any CPU.Build.0 = Debug|Any CPU
		{C27C1AF0-5CD4-49AB-BFF8-CBFB746E038F}.Release|Any CPU.ActiveCfg = Release|Any CPU
		{C27C1AF0-5CD4-49AB-BFF8-CBFB746E038F}.Release|Any CPU.Build.0 = Release|Any CPU
	EndGlobalSection
	GlobalSection(SolutionProperties) = preSolution
		HideSolutionNode = FALSE
	EndGlobalSection
	GlobalSection(ExtensibilityGlobals) = postSolution
		SolutionGuid = {4573111C-A10E-4274-A80F-59F3E96DC76F}
	EndGlobalSection
EndGlobal
